
Microsoft Visual Studio Solution File, Format Version 12.00
# Visual Studio Version 17
VisualStudioVersion = 17.2.32630.192
MinimumVisualStudioVersion = 10.0.40219.1
Project("{FAE04EC0-301F-11D3-BF4B-00C04F79EFBC}") = "HighSchoolChemistryApp", "HighSchoolChemistryApp\HighSchoolChemistryApp.csproj", "{94A2B13F-5642-477E-A6F3-7FFABC717AFA}"
EndProject
Global
	GlobalSection(SolutionConfigurationPlatforms) = preSolution
		Debug|Any CPU = Debug|Any CPU
		Release|Any CPU = Release|Any CPU
	EndGlobalSection
	GlobalSection(ProjectConfigurationPlatforms) = postSolution
		{94A2B13F-5642-477E-A6F3-7FFABC717AFA}.Debug|Any CPU.ActiveCfg = Debug|Any CPU
		{94A2B13F-5642-477E-A6F3-7FFABC717AFA}.Debug|Any CPU.Build.0 = Debug|Any CPU
		{94A2B13F-5642-477E-A6F3-7FFABC717AFA}.Release|Any CPU.ActiveCfg = Release|Any CPU
		{94A2B13F-5642-477E-A6F3-7FFABC717AFA}.Release|Any CPU.Build.0 = Release|Any CPU
	EndGlobalSection
	GlobalSection(SolutionProperties) = preSolution
		HideSolutionNode = FALSE
	EndGlobalSection
	GlobalSection(ExtensibilityGlobals) = postSolution
		SolutionGuid = {FBE3E849-820E-4945-AB36-6D700CD06EE8}
	EndGlobalSection
EndGlobal
